
Microsoft Visual Studio Solution File, Format Version 12.00
# Visual Studio Version 17
VisualStudioVersion = 17.14.36221.1 d17.14
MinimumVisualStudioVersion = 10.0.40219.1
Project("{FAE04EC0-301F-11D3-BF4B-00C04F79EFBC}") = "SewerSocket", "SewerSocket.csproj", "{D2950E36-BB7B-81C8-A892-1C91799BAD5E}"
EndProject
Global
	GlobalSection(SolutionConfigurationPlatforms) = preSolution
		Debug|Any CPU = Debug|Any CPU
		Release|Any CPU = Release|Any CPU
	EndGlobalSection
	GlobalSection(ProjectConfigurationPlatforms) = postSolution
		{D2950E36-BB7B-81C8-A892-1C91799BAD5E}.Debug|Any CPU.ActiveCfg = Debug|Any CPU
		{D2950E36-BB7B-81C8-A892-1C91799BAD5E}.Debug|Any CPU.Build.0 = Debug|Any CPU
		{D2950E36-BB7B-81C8-A892-1C91799BAD5E}.Release|Any CPU.ActiveCfg = Release|Any CPU
		{D2950E36-BB7B-81C8-A892-1C91799BAD5E}.Release|Any CPU.Build.0 = Release|Any CPU
	EndGlobalSection
	GlobalSection(SolutionProperties) = preSolution
		HideSolutionNode = FALSE
	EndGlobalSection
	GlobalSection(ExtensibilityGlobals) = postSolution
		SolutionGuid = {9443E908-E6CD-417A-8DBE-49CB6C425EC2}
	EndGlobalSection
EndGlobal
